// !$*UTF8*$!
{
	archiveVersion = 1;
	classes = {
	};
	objectVersion = 50;
	objects = {

/* Begin PBXBuildFile section */
		FDD7DBCB252660490061A0C8 /* AppDelegate.swift in Sources */ = {isa = PBXBuildFile; fileRef = FDD7DBCA252660490061A0C8 /* AppDelegate.swift */; };
		FDD7DBCD252660490061A0C8 /* ViewController.swift in Sources */ = {isa = PBXBuildFile; fileRef = FDD7DBCC252660490061A0C8 /* ViewController.swift */; };
		FDD7DBD0252660490061A0C8 /* Main.storyboard in Resources */ = {isa = PBXBuildFile; fileRef = FDD7DBCE252660490061A0C8 /* Main.storyboard */; };
		FDD7DBD22526604A0061A0C8 /* Assets.xcassets in Resources */ = {isa = PBXBuildFile; fileRef = FDD7DBD12526604A0061A0C8 /* Assets.xcassets */; };
		FDD7DBD52526604A0061A0C8 /* LaunchScreen.storyboard in Resources */ = {isa = PBXBuildFile; fileRef = FDD7DBD32526604A0061A0C8 /* LaunchScreen.storyboard */; };
		FDD7DBE02526604A0061A0C8 /* weatherTests.swift in Sources */ = {isa = PBXBuildFile; fileRef = FDD7DBDF2526604A0061A0C8 /* weatherTests.swift */; };
		FDD7DBEB2526604A0061A0C8 /* weatherUITests.swift in Sources */ = {isa = PBXBuildFile; fileRef = FDD7DBEA2526604A0061A0C8 /* weatherUITests.swift */; };
/* End PBXBuildFile section */

/* Begin PBXContainerItemProxy section */
		FDD7DBDC2526604A0061A0C8 /* PBXContainerItemProxy */ = {
			isa = PBXContainerItemProxy;
			containerPortal = FDD7DBBF252660490061A0C8 /* Project object */;
			proxyType = 1;
			remoteGlobalIDString = FDD7DBC6252660490061A0C8;
			remoteInfo = weather;
		};
		FDD7DBE72526604A0061A0C8 /* PBXContainerItemProxy */ = {
			isa = PBXContainerItemProxy;
			containerPortal = FDD7DBBF252660490061A0C8 /* Project object */;
			proxyType = 1;
			remoteGlobalIDString = FDD7DBC6252660490061A0C8;
			remoteInfo = weather;
		};
/* End PBXContainerItemProxy section */

/* Begin PBXFileReference section */
		FDD7DBC7252660490061A0C8 /* weather.app */ = {isa = PBXFileReference; explicitFileType = wrapper.application; includeInIndex = 0; path = weather.app; sourceTree = BUILT_PRODUCTS_DIR; };
		FDD7DBCA252660490061A0C8 /* AppDelegate.swift */ = {isa = PBXFileReference; lastKnownFileType = sourcecode.swift; path = AppDelegate.swift; sourceTree = "<group>"; };
		FDD7DBCC252660490061A0C8 /* ViewController.swift */ = {isa = PBXFileReference; lastKnownFileType = sourcecode.swift; path = ViewController.swift; sourceTree = "<group>"; };
		FDD7DBCF252660490061A0C8 /* Base */ = {isa = PBXFileReference; lastKnownFileType = file.storyboard; name = Base; path = Base.lproj/Main.storyboard; sourceTree = "<group>"; };
		FDD7DBD12526604A0061A0C8 /* Assets.xcassets */ = {isa = PBXFileReference; lastKnownFileType = folder.assetcatalog; path = Assets.xcassets; sourceTree = "<group>"; };
		FDD7DBD42526604A0061A0C8 /* Base */ = {isa = PBXFileReference; lastKnownFileType = file.storyboard; name = Base; path = Base.lproj/LaunchScreen.storyboard; sourceTree = "<group>"; };
		FDD7DBD62526604A0061A0C8 /* Info.plist */ = {isa = PBXFileReference; lastKnownFileType = text.plist.xml; path = Info.plist; sourceTree = "<group>"; };
		FDD7DBDB2526604A0061A0C8 /* weatherTests.xctest */ = {isa = PBXFileReference; explicitFileType = wrapper.cfbundle; includeInIndex = 0; path = weatherTests.xctest; sourceTree = BUILT_PRODUCTS_DIR; };
		FDD7DBDF2526604A0061A0C8 /* weatherTests.swift */ = {isa = PBXFileReference; lastKnownFileType = sourcecode.swift; path = weatherTests.swift; sourceTree = "<group>"; };
		FDD7DBE12526604A0061A0C8 /* Info.plist */ = {isa = PBXFileReference; lastKnownFileType = text.plist.xml; path = Info.plist; sourceTree = "<group>"; };
		FDD7DBE62526604A0061A0C8 /* weatherUITests.xctest */ = {isa = PBXFileReference; explicitFileType = wrapper.cfbundle; includeInIndex = 0; path = weatherUITests.xctest; sourceTree = BUILT_PRODUCTS_DIR; };
		FDD7DBEA2526604A0061A0C8 /* weatherUITests.swift */ = {isa = PBXFileReference; lastKnownFileType = sourcecode.swift; path = weatherUITests.swift; sourceTree = "<group>"; };
		FDD7DBEC2526604A0061A0C8 /* Info.plist */ = {isa = PBXFileReference; lastKnownFileType = text.plist.xml; path = Info.plist; sourceTree = "<group>"; };
/* End PBXFileReference section */

/* Begin PBXFrameworksBuildPhase section */
		FDD7DBC4252660490061A0C8 /* Frameworks */ = {
			isa = PBXFrameworksBuildPhase;
			buildActionMask = 2147483647;
			files = (
			);
			runOnlyForDeploymentPostprocessing = 0;
		};
		FDD7DBD82526604A0061A0C8 /* Frameworks */ = {
			isa = PBXFrameworksBuildPhase;
			buildActionMask = 2147483647;
			files = (
			);
			runOnlyForDeploymentPostprocessing = 0;
		};
		FDD7DBE32526604A0061A0C8 /* Frameworks */ = {
			isa = PBXFrameworksBuildPhase;
			buildActionMask = 2147483647;
			files = (
			);
			runOnlyForDeploymentPostprocessing = 0;
		};
/* End PBXFrameworksBuildPhase section */

/* Begin PBXGroup section */
		FDD7DBBE252660490061A0C8 = {
			isa = PBXGroup;
			children = (
				FDD7DBC9252660490061A0C8 /* weather */,
				FDD7DBDE2526604A0061A0C8 /* weatherTests */,
				FDD7DBE92526604A0061A0C8 /* weatherUITests */,
				FDD7DBC8252660490061A0C8 /* Products */,
			);
			sourceTree = "<group>";
		};
		FDD7DBC8252660490061A0C8 /* Products */ = {
			isa = PBXGroup;
			children = (
				FDD7DBC7252660490061A0C8 /* weather.app */,
				FDD7DBDB2526604A0061A0C8 /* weatherTests.xctest */,
				FDD7DBE62526604A0061A0C8 /* weatherUITests.xctest */,
			);
			name = Products;
			sourceTree = "<group>";
		};
		FDD7DBC9252660490061A0C8 /* weather */ = {
			isa = PBXGroup;
			children = (
				FDD7DBCA252660490061A0C8 /* AppDelegate.swift */,
				FDD7DBCC252660490061A0C8 /* ViewController.swift */,
				FDD7DBCE252660490061A0C8 /* Main.storyboard */,
				FDD7DBD12526604A0061A0C8 /* Assets.xcassets */,
				FDD7DBD32526604A0061A0C8 /* LaunchScreen.storyboard */,
				FDD7DBD62526604A0061A0C8 /* Info.plist */,
			);
			path = weather;
			sourceTree = "<group>";
		};
		FDD7DBDE2526604A0061A0C8 /* weatherTests */ = {
			isa = PBXGroup;
			children = (
				FDD7DBDF2526604A0061A0C8 /* weatherTests.swift */,
				FDD7DBE12526604A0061A0C8 /* Info.plist */,
			);
			path = weatherTests;
			sourceTree = "<group>";
		};
		FDD7DBE92526604A0061A0C8 /* weatherUITests */ = {
			isa = PBXGroup;
			children = (
				FDD7DBEA2526604A0061A0C8 /* weatherUITests.swift */,
				FDD7DBEC2526604A0061A0C8 /* Info.plist */,
			);
			path = weatherUITests;
			sourceTree = "<group>";
		};
/* End PBXGroup section */

/* Begin PBXNativeTarget section */
		FDD7DBC6252660490061A0C8 /* weather */ = {
			isa = PBXNativeTarget;
			buildConfigurationList = FDD7DBEF2526604A0061A0C8 /* Build configuration list for PBXNativeTarget "weather" */;
			buildPhases = (
				FDD7DBC3252660490061A0C8 /* Sources */,
				FDD7DBC4252660490061A0C8 /* Frameworks */,
				FDD7DBC5252660490061A0C8 /* Resources */,
			);
			buildRules = (
			);
			dependencies = (
			);
			name = weather;
			productName = weather;
			productReference = FDD7DBC7252660490061A0C8 /* weather.app */;
			productType = "com.apple.product-type.application";
		};
		FDD7DBDA2526604A0061A0C8 /* weatherTests */ = {
			isa = PBXNativeTarget;
			buildConfigurationList = FDD7DBF22526604A0061A0C8 /* Build configuration list for PBXNativeTarget "weatherTests" */;
			buildPhases = (
				FDD7DBD72526604A0061A0C8 /* Sources */,
				FDD7DBD82526604A0061A0C8 /* Frameworks */,
				FDD7DBD92526604A0061A0C8 /* Resources */,
			);
			buildRules = (
			);
			dependencies = (
				FDD7DBDD2526604A0061A0C8 /* PBXTargetDependency */,
			);
			name = weatherTests;
			productName = weatherTests;
			productReference = FDD7DBDB2526604A0061A0C8 /* weatherTests.xctest */;
			productType = "com.apple.product-type.bundle.unit-test";
		};
		FDD7DBE52526604A0061A0C8 /* weatherUITests */ = {
			isa = PBXNativeTarget;
			buildConfigurationList = FDD7DBF52526604A0061A0C8 /* Build configuration list for PBXNativeTarget "weatherUITests" */;
			buildPhases = (
				FDD7DBE22526604A0061A0C8 /* Sources */,
				FDD7DBE32526604A0061A0C8 /* Frameworks */,
				FDD7DBE42526604A0061A0C8 /* Resources */,
			);
			buildRules = (
			);
			dependencies = (
				FDD7DBE82526604A0061A0C8 /* PBXTargetDependency */,
			);
			name = weatherUITests;
			productName = weatherUITests;
			productReference = FDD7DBE62526604A0061A0C8 /* weatherUITests.xctest */;
			productType = "com.apple.product-type.bundle.ui-testing";
		};
/* End PBXNativeTarget section */

/* Begin PBXProject section */
		FDD7DBBF252660490061A0C8 /* Project object */ = {
			isa = PBXProject;
			attributes = {
				LastSwiftUpdateCheck = 1200;
				LastUpgradeCheck = 1200;
				TargetAttributes = {
					FDD7DBC6252660490061A0C8 = {
						CreatedOnToolsVersion = 12.0.1;
					};
					FDD7DBDA2526604A0061A0C8 = {
						CreatedOnToolsVersion = 12.0.1;
						TestTargetID = FDD7DBC6252660490061A0C8;
					};
					FDD7DBE52526604A0061A0C8 = {
						CreatedOnToolsVersion = 12.0.1;
						TestTargetID = FDD7DBC6252660490061A0C8;
					};
				};
			};
			buildConfigurationList = FDD7DBC2252660490061A0C8 /* Build configuration list for PBXProject "weather" */;
			compatibilityVersion = "Xcode 9.3";
			developmentRegion = en;
			hasScannedForEncodings = 0;
			knownRegions = (
				en,
				Base,
			);
			mainGroup = FDD7DBBE252660490061A0C8;
			productRefGroup = FDD7DBC8252660490061A0C8 /* Products */;
			projectDirPath = "";
			projectRoot = "";
			targets = (
				FDD7DBC6252660490061A0C8 /* weather */,
				FDD7DBDA2526604A0061A0C8 /* weatherTests */,
				FDD7DBE52526604A0061A0C8 /* weatherUITests */,
			);
		};
/* End PBXProject section */

/* Begin PBXResourcesBuildPhase section */
		FDD7DBC5252660490061A0C8 /* Resources */ = {
			isa = PBXResourcesBuildPhase;
			buildActionMask = 2147483647;
			files = (
				FDD7DBD52526604A0061A0C8 /* LaunchScreen.storyboard in Resources */,
				FDD7DBD22526604A0061A0C8 /* Assets.xcassets in Resources */,
				FDD7DBD0252660490061A0C8 /* Main.storyboard in Resources */,
			);
			runOnlyForDeploymentPostprocessing = 0;
		};
		FDD7DBD92526604A0061A0C8 /* Resources */ = {
			isa = PBXResourcesBuildPhase;
			buildActionMask = 2147483647;
			files = (
			);
			runOnlyForDeploymentPostprocessing = 0;
		};
		FDD7DBE42526604A0061A0C8 /* Resources */ = {
			isa = PBXResourcesBuildPhase;
			buildActionMask = 2147483647;
			files = (
			);
			runOnlyForDeploymentPostprocessing = 0;
		};
/* End PBXResourcesBuildPhase section */

/* Begin PBXSourcesBuildPhase section */
		FDD7DBC3252660490061A0C8 /* Sources */ = {
			isa = PBXSourcesBuildPhase;
			buildActionMask = 2147483647;
			files = (
				FDD7DBCD252660490061A0C8 /* ViewController.swift in Sources */,
				FDD7DBCB252660490061A0C8 /* AppDelegate.swift in Sources */,
			);
			runOnlyForDeploymentPostprocessing = 0;
		};
		FDD7DBD72526604A0061A0C8 /* Sources */ = {
			isa = PBXSourcesBuildPhase;
			buildActionMask = 2147483647;
			files = (
				FDD7DBE02526604A0061A0C8 /* weatherTests.swift in Sources */,
			);
			runOnlyForDeploymentPostprocessing = 0;
		};
		FDD7DBE22526604A0061A0C8 /* Sources */ = {
			isa = PBXSourcesBuildPhase;
			buildActionMask = 2147483647;
			files = (
				FDD7DBEB2526604A0061A0C8 /* weatherUITests.swift in Sources */,
			);
			runOnlyForDeploymentPostprocessing = 0;
		};
/* End PBXSourcesBuildPhase section */

/* Begin PBXTargetDependency section */
		FDD7DBDD2526604A0061A0C8 /* PBXTargetDependency */ = {
			isa = PBXTargetDependency;
			target = FDD7DBC6252660490061A0C8 /* weather */;
			targetProxy = FDD7DBDC2526604A0061A0C8 /* PBXContainerItemProxy */;
		};
		FDD7DBE82526604A0061A0C8 /* PBXTargetDependency */ = {
			isa = PBXTargetDependency;
			target = FDD7DBC6252660490061A0C8 /* weather */;
			targetProxy = FDD7DBE72526604A0061A0C8 /* PBXContainerItemProxy */;
		};
/* End PBXTargetDependency section */

/* Begin PBXVariantGroup section */
		FDD7DBCE252660490061A0C8 /* Main.storyboard */ = {
			isa = PBXVariantGroup;
			children = (
				FDD7DBCF252660490061A0C8 /* Base */,
			);
			name = Main.storyboard;
			sourceTree = "<group>";
		};
		FDD7DBD32526604A0061A0C8 /* LaunchScreen.storyboard */ = {
			isa = PBXVariantGroup;
			children = (
				FDD7DBD42526604A0061A0C8 /* Base */,
			);
			name = LaunchScreen.storyboard;
			sourceTree = "<group>";
		};
/* End PBXVariantGroup section */

/* Begin XCBuildConfiguration section */
		FDD7DBED2526604A0061A0C8 /* Debug */ = {
			isa = XCBuildConfiguration;
			buildSettings = {
				ALWAYS_SEARCH_USER_PATHS = NO;
				CLANG_ANALYZER_NONNULL = YES;
				CLANG_ANALYZER_NUMBER_OBJECT_CONVERSION = YES_AGGRESSIVE;
				CLANG_CXX_LANGUAGE_STANDARD = "gnu++14";
				CLANG_CXX_LIBRARY = "libc++";
				CLANG_ENABLE_MODULES = YES;
				CLANG_ENABLE_OBJC_ARC = YES;
				CLANG_ENABLE_OBJC_WEAK = YES;
				CLANG_WARN_BLOCK_CAPTURE_AUTORELEASING = YES;
				CLANG_WARN_BOOL_CONVERSION = YES;
				CLANG_WARN_COMMA = YES;
				CLANG_WARN_CONSTANT_CONVERSION = YES;
				CLANG_WARN_DEPRECATED_OBJC_IMPLEMENTATIONS = YES;
				CLANG_WARN_DIRECT_OBJC_ISA_USAGE = YES_ERROR;
				CLANG_WARN_DOCUMENTATION_COMMENTS = YES;
				CLANG_WARN_EMPTY_BODY = YES;
				CLANG_WARN_ENUM_CONVERSION = YES;
				CLANG_WARN_INFINITE_RECURSION = YES;
				CLANG_WARN_INT_CONVERSION = YES;
				CLANG_WARN_NON_LITERAL_NULL_CONVERSION = YES;
				CLANG_WARN_OBJC_IMPLICIT_RETAIN_SELF = YES;
				CLANG_WARN_OBJC_LITERAL_CONVERSION = YES;
				CLANG_WARN_OBJC_ROOT_CLASS = YES_ERROR;
				CLANG_WARN_QUOTED_INCLUDE_IN_FRAMEWORK_HEADER = YES;
				CLANG_WARN_RANGE_LOOP_ANALYSIS = YES;
				CLANG_WARN_STRICT_PROTOTYPES = YES;
				CLANG_WARN_SUSPICIOUS_MOVE = YES;
				CLANG_WARN_UNGUARDED_AVAILABILITY = YES_AGGRESSIVE;
				CLANG_WARN_UNREACHABLE_CODE = YES;
				CLANG_WARN__DUPLICATE_METHOD_MATCH = YES;
				COPY_PHASE_STRIP = NO;
				DEBUG_INFORMATION_FORMAT = dwarf;
				ENABLE_STRICT_OBJC_MSGSEND = YES;
				ENABLE_TESTABILITY = YES;
				GCC_C_LANGUAGE_STANDARD = gnu11;
				GCC_DYNAMIC_NO_PIC = NO;
				GCC_NO_COMMON_BLOCKS = YES;
				GCC_OPTIMIZATION_LEVEL = 0;
				GCC_PREPROCESSOR_DEFINITIONS = (
					"DEBUG=1",
					"$(inherited)",
				);
				GCC_WARN_64_TO_32_BIT_CONVERSION = YES;
				GCC_WARN_ABOUT_RETURN_TYPE = YES_ERROR;
				GCC_WARN_UNDECLARED_SELECTOR = YES;
				GCC_WARN_UNINITIALIZED_AUTOS = YES_AGGRESSIVE;
				GCC_WARN_UNUSED_FUNCTION = YES;
				GCC_WARN_UNUSED_VARIABLE = YES;
				MTL_ENABLE_DEBUG_INFO = INCLUDE_SOURCE;
				MTL_FAST_MATH = YES;
				ONLY_ACTIVE_ARCH = YES;
				SDKROOT = appletvos;
				SWIFT_ACTIVE_COMPILATION_CONDITIONS = DEBUG;
				SWIFT_OPTIMIZATION_LEVEL = "-Onone";
				TVOS_DEPLOYMENT_TARGET = 14.0;
			};
			name = Debug;
		};
		FDD7DBEE2526604A0061A0C8 /* Release */ = {
			isa = XCBuildConfiguration;
			buildSettings = {
				ALWAYS_SEARCH_USER_PATHS = NO;
				CLANG_ANALYZER_NONNULL = YES;
				CLANG_ANALYZER_NUMBER_OBJECT_CONVERSION = YES_AGGRESSIVE;
				CLANG_CXX_LANGUAGE_STANDARD = "gnu++14";
				CLANG_CXX_LIBRARY = "libc++";
				CLANG_ENABLE_MODULES = YES;
				CLANG_ENABLE_OBJC_ARC = YES;
				CLANG_ENABLE_OBJC_WEAK = YES;
				CLANG_WARN_BLOCK_CAPTURE_AUTORELEASING = YES;
				CLANG_WARN_BOOL_CONVERSION = YES;
				CLANG_WARN_COMMA = YES;
				CLANG_WARN_CONSTANT_CONVERSION = YES;
				CLANG_WARN_DEPRECATED_OBJC_IMPLEMENTATIONS = YES;
				CLANG_WARN_DIRECT_OBJC_ISA_USAGE = YES_ERROR;
				CLANG_WARN_DOCUMENTATION_COMMENTS = YES;
				CLANG_WARN_EMPTY_BODY = YES;
				CLANG_WARN_ENUM_CONVERSION = YES;
				CLANG_WARN_INFINITE_RECURSION = YES;
				CLANG_WARN_INT_CONVERSION = YES;
				CLANG_WARN_NON_LITERAL_NULL_CONVERSION = YES;
				CLANG_WARN_OBJC_IMPLICIT_RETAIN_SELF = YES;
				CLANG_WARN_OBJC_LITERAL_CONVERSION = YES;
				CLANG_WARN_OBJC_ROOT_CLASS = YES_ERROR;
				CLANG_WARN_QUOTED_INCLUDE_IN_FRAMEWORK_HEADER = YES;
				CLANG_WARN_RANGE_LOOP_ANALYSIS = YES;
				CLANG_WARN_STRICT_PROTOTYPES = YES;
				CLANG_WARN_SUSPICIOUS_MOVE = YES;
				CLANG_WARN_UNGUARDED_AVAILABILITY = YES_AGGRESSIVE;
				CLANG_WARN_UNREACHABLE_CODE = YES;
				CLANG_WARN__DUPLICATE_METHOD_MATCH = YES;
				COPY_PHASE_STRIP = NO;
				DEBUG_INFORMATION_FORMAT = "dwarf-with-dsym";
				ENABLE_NS_ASSERTIONS = NO;
				ENABLE_STRICT_OBJC_MSGSEND = YES;
				GCC_C_LANGUAGE_STANDARD = gnu11;
				GCC_NO_COMMON_BLOCKS = YES;
				GCC_WARN_64_TO_32_BIT_CONVERSION = YES;
				GCC_WARN_ABOUT_RETURN_TYPE = YES_ERROR;
				GCC_WARN_UNDECLARED_SELECTOR = YES;
				GCC_WARN_UNINITIALIZED_AUTOS = YES_AGGRESSIVE;
				GCC_WARN_UNUSED_FUNCTION = YES;
				GCC_WARN_UNUSED_VARIABLE = YES;
				MTL_ENABLE_DEBUG_INFO = NO;
				MTL_FAST_MATH = YES;
				SDKROOT = appletvos;
				SWIFT_COMPILATION_MODE = wholemodule;
				SWIFT_OPTIMIZATION_LEVEL = "-O";
				TVOS_DEPLOYMENT_TARGET = 14.0;
				VALIDATE_PRODUCT = YES;
			};
			name = Release;
		};
		FDD7DBF02526604A0061A0C8 /* Debug */ = {
			isa = XCBuildConfiguration;
			buildSettings = {
				ASSETCATALOG_COMPILER_APPICON_NAME = "App Icon & Top Shelf Image";
				ASSETCATALOG_COMPILER_GLOBAL_ACCENT_COLOR_NAME = AccentColor;
				CODE_SIGN_STYLE = Automatic;
				DEVELOPMENT_TEAM = G36D283SVD;
				INFOPLIST_FILE = weather/Info.plist;
				LD_RUNPATH_SEARCH_PATHS = (
					"$(inherited)",
					"@executable_path/Frameworks",
				);
				PRODUCT_BUNDLE_IDENTIFIER = com.weather.weather;
				PRODUCT_NAME = "$(TARGET_NAME)";
				SWIFT_VERSION = 5.0;
				TARGETED_DEVICE_FAMILY = 3;
			};
			name = Debug;
		};
		FDD7DBF12526604A0061A0C8 /* Release */ = {
			isa = XCBuildConfiguration;
			buildSettings = {
				ASSETCATALOG_COMPILER_APPICON_NAME = "App Icon & Top Shelf Image";
				ASSETCATALOG_COMPILER_GLOBAL_ACCENT_COLOR_NAME = AccentColor;
				CODE_SIGN_STYLE = Automatic;
				DEVELOPMENT_TEAM = G36D283SVD;
				INFOPLIST_FILE = weather/Info.plist;
				LD_RUNPATH_SEARCH_PATHS = (
					"$(inherited)",
					"@executable_path/Frameworks",
				);
				PRODUCT_BUNDLE_IDENTIFIER = com.weather.weather;
				PRODUCT_NAME = "$(TARGET_NAME)";
				SWIFT_VERSION = 5.0;
				TARGETED_DEVICE_FAMILY = 3;
			};
			name = Release;
		};
		FDD7DBF32526604A0061A0C8 /* Debug */ = {
			isa = XCBuildConfiguration;
			buildSettings = {
				ALWAYS_EMBED_SWIFT_STANDARD_LIBRARIES = YES;
				BUNDLE_LOADER = "$(TEST_HOST)";
				CODE_SIGN_STYLE = Automatic;
				DEVELOPMENT_TEAM = G36D283SVD;
				INFOPLIST_FILE = weatherTests/Info.plist;
				LD_RUNPATH_SEARCH_PATHS = (
					"$(inherited)",
					"@executable_path/Frameworks",
					"@loader_path/Frameworks",
				);
				PRODUCT_BUNDLE_IDENTIFIER = com.weather.weatherTests;
				PRODUCT_NAME = "$(TARGET_NAME)";
				SWIFT_VERSION = 5.0;
				TARGETED_DEVICE_FAMILY = 3;
				TEST_HOST = "$(BUILT_PRODUCTS_DIR)/weather.app/weather";
				TVOS_DEPLOYMENT_TARGET = 14.0;
			};
			name = Debug;
		};
		FDD7DBF42526604A0061A0C8 /* Release */ = {
			isa = XCBuildConfiguration;
			buildSettings = {
				ALWAYS_EMBED_SWIFT_STANDARD_LIBRARIES = YES;
				BUNDLE_LOADER = "$(TEST_HOST)";
				CODE_SIGN_STYLE = Automatic;
				DEVELOPMENT_TEAM = G36D283SVD;
				INFOPLIST_FILE = weatherTests/Info.plist;
				LD_RUNPATH_SEARCH_PATHS = (
					"$(inherited)",
					"@executable_path/Frameworks",
					"@loader_path/Frameworks",
				);
				PRODUCT_BUNDLE_IDENTIFIER = com.weather.weatherTests;
				PRODUCT_NAME = "$(TARGET_NAME)";
				SWIFT_VERSION = 5.0;
				TARGETED_DEVICE_FAMILY = 3;
				TEST_HOST = "$(BUILT_PRODUCTS_DIR)/weather.app/weather";
				TVOS_DEPLOYMENT_TARGET = 14.0;
			};
			name = Release;
		};
		FDD7DBF62526604A0061A0C8 /* Debug */ = {
			isa = XCBuildConfiguration;
			buildSettings = {
				ALWAYS_EMBED_SWIFT_STANDARD_LIBRARIES = YES;
				CODE_SIGN_STYLE = Automatic;
				DEVELOPMENT_TEAM = G36D283SVD;
				INFOPLIST_FILE = weatherUITests/Info.plist;
				LD_RUNPATH_SEARCH_PATHS = (
					"$(inherited)",
					"@executable_path/Frameworks",
					"@loader_path/Frameworks",
				);
				PRODUCT_BUNDLE_IDENTIFIER = com.weather.weatherUITests;
				PRODUCT_NAME = "$(TARGET_NAME)";
				SWIFT_VERSION = 5.0;
				TARGETED_DEVICE_FAMILY = 3;
				TEST_TARGET_NAME = weather;
			};
			name = Debug;
		};
		FDD7DBF72526604A0061A0C8 /* Release */ = {
			isa = XCBuildConfiguration;
			buildSettings = {
				ALWAYS_EMBED_SWIFT_STANDARD_LIBRARIES = YES;
				CODE_SIGN_STYLE = Automatic;
				DEVELOPMENT_TEAM = G36D283SVD;
				INFOPLIST_FILE = weatherUITests/Info.plist;
				LD_RUNPATH_SEARCH_PATHS = (
					"$(inherited)",
					"@executable_path/Frameworks",
					"@loader_path/Frameworks",
				);
				PRODUCT_BUNDLE_IDENTIFIER = com.weather.weatherUITests;
				PRODUCT_NAME = "$(TARGET_NAME)";
				SWIFT_VERSION = 5.0;
				TARGETED_DEVICE_FAMILY = 3;
				TEST_TARGET_NAME = weather;
			};
			name = Release;
		};
/* End XCBuildConfiguration section */

/* Begin XCConfigurationList section */
		FDD7DBC2252660490061A0C8 /* Build configuration list for PBXProject "weather" */ = {
			isa = XCConfigurationList;
			buildConfigurations = (
				FDD7DBED2526604A0061A0C8 /* Debug */,
				FDD7DBEE2526604A0061A0C8 /* Release */,
			);
			defaultConfigurationIsVisible = 0;
			defaultConfigurationName = Release;
		};
		FDD7DBEF2526604A0061A0C8 /* Build configuration list for PBXNativeTarget "weather" */ = {
			isa = XCConfigurationList;
			buildConfigurations = (
				FDD7DBF02526604A0061A0C8 /* Debug */,
				FDD7DBF12526604A0061A0C8 /* Release */,
			);
			defaultConfigurationIsVisible = 0;
			defaultConfigurationName = Release;
		};
		FDD7DBF22526604A0061A0C8 /* Build configuration list for PBXNativeTarget "weatherTests" */ = {
			isa = XCConfigurationList;
			buildConfigurations = (
				FDD7DBF32526604A0061A0C8 /* Debug */,
				FDD7DBF42526604A0061A0C8 /* Release */,
			);
			defaultConfigurationIsVisible = 0;
			defaultConfigurationName = Release;
		};
		FDD7DBF52526604A0061A0C8 /* Build configuration list for PBXNativeTarget "weatherUITests" */ = {
			isa = XCConfigurationList;
			buildConfigurations = (
				FDD7DBF62526604A0061A0C8 /* Debug */,
				FDD7DBF72526604A0061A0C8 /* Release */,
			);
			defaultConfigurationIsVisible = 0;
			defaultConfigurationName = Release;
		};
/* End XCConfigurationList section */
	};
	rootObject = FDD7DBBF252660490061A0C8 /* Project object */;
}
